
Microsoft Visual Studio Solution File, Format Version 12.00
# Visual Studio Version 17
VisualStudioVersion = 17.7.34003.232
MinimumVisualStudioVersion = 10.0.40219.1
Project("{FAE04EC0-301F-11D3-BF4B-00C04F79EFBC}") = "RedisWithNet", "RedisWithNet\RedisWithNet.csproj", "{08589A87-B089-47D8-86F2-764EB2FB6DCD}"
EndProject
Project("{2150E333-8FDC-42A3-9474-1A3956D46DE8}") = "Solution Items", "Solution Items", "{92A8B495-F3AB-4B8A-8880-285DBAD2948F}"
	ProjectSection(SolutionItems) = preProject
		README.md = README.md
	EndProjectSection
EndProject
Global
	GlobalSection(SolutionConfigurationPlatforms) = preSolution
		Debug|Any CPU = Debug|Any CPU
		Release|Any CPU = Release|Any CPU
	EndGlobalSection
	GlobalSection(ProjectConfigurationPlatforms) = postSolution
		{08589A87-B089-47D8-86F2-764EB2FB6DCD}.Debug|Any CPU.ActiveCfg = Debug|Any CPU
		{08589A87-B089-47D8-86F2-764EB2FB6DCD}.Debug|Any CPU.Build.0 = Debug|Any CPU
		{08589A87-B089-47D8-86F2-764EB2FB6DCD}.Release|Any CPU.ActiveCfg = Release|Any CPU
		{08589A87-B089-47D8-86F2-764EB2FB6DCD}.Release|Any CPU.Build.0 = Release|Any CPU
	EndGlobalSection
	GlobalSection(SolutionProperties) = preSolution
		HideSolutionNode = FALSE
	EndGlobalSection
	GlobalSection(ExtensibilityGlobals) = postSolution
		SolutionGuid = {F864FFED-9F43-459F-A035-D3B535EF307E}
	EndGlobalSection
EndGlobal
